
Microsoft Visual Studio Solution File, Format Version 12.00
# Visual Studio Version 16
VisualStudioVersion = 16.0.34931.43
MinimumVisualStudioVersion = 10.0.40219.1
Project("{FAE04EC0-301F-11D3-BF4B-00C04F79EFBC}") = "krisha", "krisha\krisha.csproj", "{7F219C09-67C3-4675-85EF-9E614FDDD2A5}"
EndProject
Global
	GlobalSection(SolutionConfigurationPlatforms) = preSolution
		Debug|Any CPU = Debug|Any CPU
		Release|Any CPU = Release|Any CPU
	EndGlobalSection
	GlobalSection(ProjectConfigurationPlatforms) = postSolution
		{7F219C09-67C3-4675-85EF-9E614FDDD2A5}.Debug|Any CPU.ActiveCfg = Debug|Any CPU
		{7F219C09-67C3-4675-85EF-9E614FDDD2A5}.Debug|Any CPU.Build.0 = Debug|Any CPU
		{7F219C09-67C3-4675-85EF-9E614FDDD2A5}.Release|Any CPU.ActiveCfg = Release|Any CPU
		{7F219C09-67C3-4675-85EF-9E614FDDD2A5}.Release|Any CPU.Build.0 = Release|Any CPU
	EndGlobalSection
	GlobalSection(SolutionProperties) = preSolution
		HideSolutionNode = FALSE
	EndGlobalSection
	GlobalSection(ExtensibilityGlobals) = postSolution
		SolutionGuid = {4B43B0DB-6A97-4665-8735-E2376C312EC8}
	EndGlobalSection
EndGlobal
